
Microsoft Visual Studio Solution File, Format Version 12.00
# Visual Studio Version 16
VisualStudioVersion = 16.0.31105.61
MinimumVisualStudioVersion = 10.0.40219.1
Project("{FAE04EC0-301F-11D3-BF4B-00C04F79EFBC}") = "Q1", "Q1\Q1.csproj", "{DFDBFF71-41C3-419D-AEC4-EB5ABEC3FDD3}"
EndProject
Global
	GlobalSection(SolutionConfigurationPlatforms) = preSolution
		Debug|Any CPU = Debug|Any CPU
		Release|Any CPU = Release|Any CPU
	EndGlobalSection
	GlobalSection(ProjectConfigurationPlatforms) = postSolution
		{DFDBFF71-41C3-419D-AEC4-EB5ABEC3FDD3}.Debug|Any CPU.ActiveCfg = Debug|Any CPU
		{DFDBFF71-41C3-419D-AEC4-EB5ABEC3FDD3}.Debug|Any CPU.Build.0 = Debug|Any CPU
		{DFDBFF71-41C3-419D-AEC4-EB5ABEC3FDD3}.Release|Any CPU.ActiveCfg = Release|Any CPU
		{DFDBFF71-41C3-419D-AEC4-EB5ABEC3FDD3}.Release|Any CPU.Build.0 = Release|Any CPU
	EndGlobalSection
	GlobalSection(SolutionProperties) = preSolution
		HideSolutionNode = FALSE
	EndGlobalSection
	GlobalSection(ExtensibilityGlobals) = postSolution
		SolutionGuid = {3A6A8BDF-9F6C-4FCB-8AD6-BAD4155B8164}
	EndGlobalSection
EndGlobal
