
Microsoft Visual Studio Solution File, Format Version 12.00
# Visual Studio Version 16
VisualStudioVersion = 16.0.30907.101
MinimumVisualStudioVersion = 10.0.40219.1
Project("{FAE04EC0-301F-11D3-BF4B-00C04F79EFBC}") = "Game Database", "Game Database\Game Database.csproj", "{A5AB5987-A60C-4A81-87AD-27BC39E28988}"
EndProject
Global
	GlobalSection(SolutionConfigurationPlatforms) = preSolution
		Debug|Any CPU = Debug|Any CPU
		Release|Any CPU = Release|Any CPU
	EndGlobalSection
	GlobalSection(ProjectConfigurationPlatforms) = postSolution
		{A5AB5987-A60C-4A81-87AD-27BC39E28988}.Debug|Any CPU.ActiveCfg = Debug|Any CPU
		{A5AB5987-A60C-4A81-87AD-27BC39E28988}.Debug|Any CPU.Build.0 = Debug|Any CPU
		{A5AB5987-A60C-4A81-87AD-27BC39E28988}.Release|Any CPU.ActiveCfg = Release|Any CPU
		{A5AB5987-A60C-4A81-87AD-27BC39E28988}.Release|Any CPU.Build.0 = Release|Any CPU
	EndGlobalSection
	GlobalSection(SolutionProperties) = preSolution
		HideSolutionNode = FALSE
	EndGlobalSection
	GlobalSection(ExtensibilityGlobals) = postSolution
		SolutionGuid = {DEEEB497-4901-4896-8822-2298C742FCAE}
	EndGlobalSection
EndGlobal
