
Microsoft Visual Studio Solution File, Format Version 12.00
# Visual Studio Version 16
VisualStudioVersion = 16.0.31105.61
MinimumVisualStudioVersion = 10.0.40219.1
Project("{FAE04EC0-301F-11D3-BF4B-00C04F79EFBC}") = "Q1", "Q1\Q1.csproj", "{8C9DC992-AB59-4BB6-9CE7-CAA92894003B}"
EndProject
Global
	GlobalSection(SolutionConfigurationPlatforms) = preSolution
		Debug|Any CPU = Debug|Any CPU
		Release|Any CPU = Release|Any CPU
	EndGlobalSection
	GlobalSection(ProjectConfigurationPlatforms) = postSolution
		{8C9DC992-AB59-4BB6-9CE7-CAA92894003B}.Debug|Any CPU.ActiveCfg = Debug|Any CPU
		{8C9DC992-AB59-4BB6-9CE7-CAA92894003B}.Debug|Any CPU.Build.0 = Debug|Any CPU
		{8C9DC992-AB59-4BB6-9CE7-CAA92894003B}.Release|Any CPU.ActiveCfg = Release|Any CPU
		{8C9DC992-AB59-4BB6-9CE7-CAA92894003B}.Release|Any CPU.Build.0 = Release|Any CPU
	EndGlobalSection
	GlobalSection(SolutionProperties) = preSolution
		HideSolutionNode = FALSE
	EndGlobalSection
	GlobalSection(ExtensibilityGlobals) = postSolution
		SolutionGuid = {659F9B50-62F5-4074-BBDB-F501AA24A157}
	EndGlobalSection
EndGlobal
